
Microsoft Visual Studio Solution File, Format Version 12.00
# Visual Studio Version 17
VisualStudioVersion = 17.9.34622.214
MinimumVisualStudioVersion = 10.0.40219.1
Project("{8BC9CEB8-8B4A-11D0-8D11-00A0C91BC942}") = "HW 16", "HW 16\HW 16.vcxproj", "{4A1625EE-DB4A-435C-9A98-DFCA99BA3C23}"
EndProject
Global
	GlobalSection(SolutionConfigurationPlatforms) = preSolution
		Debug|x64 = Debug|x64
		Debug|x86 = Debug|x86
		Release|x64 = Release|x64
		Release|x86 = Release|x86
	EndGlobalSection
	GlobalSection(ProjectConfigurationPlatforms) = postSolution
		{4A1625EE-DB4A-435C-9A98-DFCA99BA3C23}.Debug|x64.ActiveCfg = Debug|x64
		{4A1625EE-DB4A-435C-9A98-DFCA99BA3C23}.Debug|x64.Build.0 = Debug|x64
		{4A1625EE-DB4A-435C-9A98-DFCA99BA3C23}.Debug|x86.ActiveCfg = Debug|Win32
		{4A1625EE-DB4A-435C-9A98-DFCA99BA3C23}.Debug|x86.Build.0 = Debug|Win32
		{4A1625EE-DB4A-435C-9A98-DFCA99BA3C23}.Release|x64.ActiveCfg = Release|x64
		{4A1625EE-DB4A-435C-9A98-DFCA99BA3C23}.Release|x64.Build.0 = Release|x64
		{4A1625EE-DB4A-435C-9A98-DFCA99BA3C23}.Release|x86.ActiveCfg = Release|Win32
		{4A1625EE-DB4A-435C-9A98-DFCA99BA3C23}.Release|x86.Build.0 = Release|Win32
	EndGlobalSection
	GlobalSection(SolutionProperties) = preSolution
		HideSolutionNode = FALSE
	EndGlobalSection
	GlobalSection(ExtensibilityGlobals) = postSolution
		SolutionGuid = {E1749377-8C2C-45C9-8D12-B11E7DF77375}
	EndGlobalSection
EndGlobal
